
Microsoft Visual Studio Solution File, Format Version 12.00
# Visual Studio Version 17
VisualStudioVersion = 17.5.33424.131
MinimumVisualStudioVersion = 10.0.40219.1
Project("{FAE04EC0-301F-11D3-BF4B-00C04F79EFBC}") = "MvcCoreDeployment", "MvcCoreDeployment\MvcCoreDeployment.csproj", "{4EED9F11-524D-42A0-A557-E8044A12C635}"
EndProject
Global
	GlobalSection(SolutionConfigurationPlatforms) = preSolution
		Debug|Any CPU = Debug|Any CPU
		Release|Any CPU = Release|Any CPU
	EndGlobalSection
	GlobalSection(ProjectConfigurationPlatforms) = postSolution
		{4EED9F11-524D-42A0-A557-E8044A12C635}.Debug|Any CPU.ActiveCfg = Debug|Any CPU
		{4EED9F11-524D-42A0-A557-E8044A12C635}.Debug|Any CPU.Build.0 = Debug|Any CPU
		{4EED9F11-524D-42A0-A557-E8044A12C635}.Release|Any CPU.ActiveCfg = Release|Any CPU
		{4EED9F11-524D-42A0-A557-E8044A12C635}.Release|Any CPU.Build.0 = Release|Any CPU
	EndGlobalSection
	GlobalSection(SolutionProperties) = preSolution
		HideSolutionNode = FALSE
	EndGlobalSection
	GlobalSection(ExtensibilityGlobals) = postSolution
		SolutionGuid = {D40D5A7A-6F4B-489E-941C-70E4DB67C071}
	EndGlobalSection
EndGlobal
